
Microsoft Visual Studio Solution File, Format Version 12.00
# Visual Studio Version 16
VisualStudioVersion = 16.0.28714.193
MinimumVisualStudioVersion = 10.0.40219.1
Project("{9A19103F-16F7-4668-BE54-9A1E7A4F7556}") = "Timeify.Api.Shared", "..\Shared\Timeify.Api.Shared\Timeify.Api.Shared.csproj", "{DCA563B2-D06C-426E-AE0A-E2BAB58E9794}"
EndProject
Project("{9A19103F-16F7-4668-BE54-9A1E7A4F7556}") = "Timeify.Api", "Timeify.Api\Timeify.Api.csproj", "{A2298442-EEBB-4157-B14D-FEADBB633CE9}"
EndProject
Project("{9A19103F-16F7-4668-BE54-9A1E7A4F7556}") = "Timeify.Common", "Timeify.Common\Timeify.Common.csproj", "{510171FE-7C90-47E7-87D9-AE95F00B3868}"
EndProject
Project("{9A19103F-16F7-4668-BE54-9A1E7A4F7556}") = "Timeify.Core", "Timeify.Core\Timeify.Core.csproj", "{2E84E3F6-CA04-4F63-9785-692DB714949D}"
EndProject
Project("{9A19103F-16F7-4668-BE54-9A1E7A4F7556}") = "Timeify.Infrastructure", "Timeify.Infrastructure\Timeify.Infrastructure.csproj", "{A054FB78-2B18-4727-AAB0-3F82E94887E9}"
EndProject
Project("{FAE04EC0-301F-11D3-BF4B-00C04F79EFBC}") = "Timeify.Core.Test", "Timeify.Core.Test\Timeify.Core.Test.csproj", "{FF5CF4A6-FEB0-4AB3-84F4-5FB0E568EF29}"
EndProject
Global
	GlobalSection(SolutionConfigurationPlatforms) = preSolution
		Debug|Any CPU = Debug|Any CPU
		Release|Any CPU = Release|Any CPU
	EndGlobalSection
	GlobalSection(ProjectConfigurationPlatforms) = postSolution
		{DCA563B2-D06C-426E-AE0A-E2BAB58E9794}.Debug|Any CPU.ActiveCfg = Debug|Any CPU
		{DCA563B2-D06C-426E-AE0A-E2BAB58E9794}.Debug|Any CPU.Build.0 = Debug|Any CPU
		{DCA563B2-D06C-426E-AE0A-E2BAB58E9794}.Release|Any CPU.ActiveCfg = Release|Any CPU
		{DCA563B2-D06C-426E-AE0A-E2BAB58E9794}.Release|Any CPU.Build.0 = Release|Any CPU
		{A2298442-EEBB-4157-B14D-FEADBB633CE9}.Debug|Any CPU.ActiveCfg = Debug|Any CPU
		{A2298442-EEBB-4157-B14D-FEADBB633CE9}.Debug|Any CPU.Build.0 = Debug|Any CPU
		{A2298442-EEBB-4157-B14D-FEADBB633CE9}.Release|Any CPU.ActiveCfg = Release|Any CPU
		{A2298442-EEBB-4157-B14D-FEADBB633CE9}.Release|Any CPU.Build.0 = Release|Any CPU
		{510171FE-7C90-47E7-87D9-AE95F00B3868}.Debug|Any CPU.ActiveCfg = Debug|Any CPU
		{510171FE-7C90-47E7-87D9-AE95F00B3868}.Debug|Any CPU.Build.0 = Debug|Any CPU
		{510171FE-7C90-47E7-87D9-AE95F00B3868}.Release|Any CPU.ActiveCfg = Release|Any CPU
		{510171FE-7C90-47E7-87D9-AE95F00B3868}.Release|Any CPU.Build.0 = Release|Any CPU
		{2E84E3F6-CA04-4F63-9785-692DB714949D}.Debug|Any CPU.ActiveCfg = Debug|Any CPU
		{2E84E3F6-CA04-4F63-9785-692DB714949D}.Debug|Any CPU.Build.0 = Debug|Any CPU
		{2E84E3F6-CA04-4F63-9785-692DB714949D}.Release|Any CPU.ActiveCfg = Release|Any CPU
		{2E84E3F6-CA04-4F63-9785-692DB714949D}.Release|Any CPU.Build.0 = Release|Any CPU
		{A054FB78-2B18-4727-AAB0-3F82E94887E9}.Debug|Any CPU.ActiveCfg = Debug|Any CPU
		{A054FB78-2B18-4727-AAB0-3F82E94887E9}.Debug|Any CPU.Build.0 = Debug|Any CPU
		{A054FB78-2B18-4727-AAB0-3F82E94887E9}.Release|Any CPU.ActiveCfg = Release|Any CPU
		{A054FB78-2B18-4727-AAB0-3F82E94887E9}.Release|Any CPU.Build.0 = Release|Any CPU
		{FF5CF4A6-FEB0-4AB3-84F4-5FB0E568EF29}.Debug|Any CPU.ActiveCfg = Debug|Any CPU
		{FF5CF4A6-FEB0-4AB3-84F4-5FB0E568EF29}.Debug|Any CPU.Build.0 = Debug|Any CPU
		{FF5CF4A6-FEB0-4AB3-84F4-5FB0E568EF29}.Release|Any CPU.ActiveCfg = Release|Any CPU
		{FF5CF4A6-FEB0-4AB3-84F4-5FB0E568EF29}.Release|Any CPU.Build.0 = Release|Any CPU
	EndGlobalSection
	GlobalSection(SolutionProperties) = preSolution
		HideSolutionNode = FALSE
	EndGlobalSection
	GlobalSection(ExtensibilityGlobals) = postSolution
		SolutionGuid = {F7DB84FB-9A90-4EC8-AD8B-BB174CB360B0}
	EndGlobalSection
EndGlobal
